
Microsoft Visual Studio Solution File, Format Version 12.00
# Visual Studio 15
VisualStudioVersion = 15.0.27004.2002
MinimumVisualStudioVersion = 10.0.40219.1
Project("{8BC9CEB8-8B4A-11D0-8D11-00A0C91BC942}") = "SpatialInputUtilities", "..\..\Libs\SpatialInputUtilities\SpatialInputUtilities.vcxproj", "{20E14C91-B449-4634-A559-2767F783CB77}"
EndProject
Project("{8BC9CEB8-8B4A-11D0-8D11-00A0C91BC942}") = "Pbr", "..\..\Libs\Pbr\Pbr.vcxproj", "{30B0D5F4-52B6-4083-8607-D80D844D9DD7}"
EndProject
Project("{8BC9CEB8-8B4A-11D0-8D11-00A0C91BC942}") = "Gltf", "..\..\Libs\Gltf\Gltf.vcxproj", "{63475578-0C83-4B2F-9AC5-A4513DE2907F}"
EndProject
Project("{8BC9CEB8-8B4A-11D0-8D11-00A0C91BC942}") = "DemoRoom", "DemoRoom.vcxproj", "{AFB57C78-9C5A-4069-B085-CC4B564D06D7}"
	ProjectSection(ProjectDependencies) = postProject
		{EF6A66DA-E72F-47F8-B026-BEB58B5DDA31} = {EF6A66DA-E72F-47F8-B026-BEB58B5DDA31}
	EndProjectSection
EndProject
Project("{8BC9CEB8-8B4A-11D0-8D11-00A0C91BC942}") = "Neso", "..\..\Libs\Neso\Neso.vcxproj", "{EF6A66DA-E72F-47F8-B026-BEB58B5DDA31}"
	ProjectSection(ProjectDependencies) = postProject
		{63475578-0C83-4B2F-9AC5-A4513DE2907F} = {63475578-0C83-4B2F-9AC5-A4513DE2907F}
		{20E14C91-B449-4634-A559-2767F783CB77} = {20E14C91-B449-4634-A559-2767F783CB77}
		{30B0D5F4-52B6-4083-8607-D80D844D9DD7} = {30B0D5F4-52B6-4083-8607-D80D844D9DD7}
	EndProjectSection
EndProject
Global
	GlobalSection(SolutionConfigurationPlatforms) = preSolution
		Debug|ARM = Debug|ARM
		Debug|x64 = Debug|x64
		Debug|x86 = Debug|x86
		Release|ARM = Release|ARM
		Release|x64 = Release|x64
		Release|x86 = Release|x86
	EndGlobalSection
	GlobalSection(ProjectConfigurationPlatforms) = postSolution
		{20E14C91-B449-4634-A559-2767F783CB77}.Debug|ARM.ActiveCfg = Debug|ARM
		{20E14C91-B449-4634-A559-2767F783CB77}.Debug|ARM.Build.0 = Debug|ARM
		{20E14C91-B449-4634-A559-2767F783CB77}.Debug|x64.ActiveCfg = Debug|x64
		{20E14C91-B449-4634-A559-2767F783CB77}.Debug|x64.Build.0 = Debug|x64
		{20E14C91-B449-4634-A559-2767F783CB77}.Debug|x86.ActiveCfg = Debug|Win32
		{20E14C91-B449-4634-A559-2767F783CB77}.Debug|x86.Build.0 = Debug|Win32
		{20E14C91-B449-4634-A559-2767F783CB77}.Release|ARM.ActiveCfg = Release|ARM
		{20E14C91-B449-4634-A559-2767F783CB77}.Release|ARM.Build.0 = Release|ARM
		{20E14C91-B449-4634-A559-2767F783CB77}.Release|x64.ActiveCfg = Release|x64
		{20E14C91-B449-4634-A559-2767F783CB77}.Release|x64.Build.0 = Release|x64
		{20E14C91-B449-4634-A559-2767F783CB77}.Release|x86.ActiveCfg = Release|Win32
		{20E14C91-B449-4634-A559-2767F783CB77}.Release|x86.Build.0 = Release|Win32
		{30B0D5F4-52B6-4083-8607-D80D844D9DD7}.Debug|ARM.ActiveCfg = Debug|ARM
		{30B0D5F4-52B6-4083-8607-D80D844D9DD7}.Debug|ARM.Build.0 = Debug|ARM
		{30B0D5F4-52B6-4083-8607-D80D844D9DD7}.Debug|x64.ActiveCfg = Debug|x64
		{30B0D5F4-52B6-4083-8607-D80D844D9DD7}.Debug|x64.Build.0 = Debug|x64
		{30B0D5F4-52B6-4083-8607-D80D844D9DD7}.Debug|x86.ActiveCfg = Debug|Win32
		{30B0D5F4-52B6-4083-8607-D80D844D9DD7}.Debug|x86.Build.0 = Debug|Win32
		{30B0D5F4-52B6-4083-8607-D80D844D9DD7}.Release|ARM.ActiveCfg = Release|ARM
		{30B0D5F4-52B6-4083-8607-D80D844D9DD7}.Release|ARM.Build.0 = Release|ARM
		{30B0D5F4-52B6-4083-8607-D80D844D9DD7}.Release|x64.ActiveCfg = Release|x64
		{30B0D5F4-52B6-4083-8607-D80D844D9DD7}.Release|x64.Build.0 = Release|x64
		{30B0D5F4-52B6-4083-8607-D80D844D9DD7}.Release|x86.ActiveCfg = Release|Win32
		{30B0D5F4-52B6-4083-8607-D80D844D9DD7}.Release|x86.Build.0 = Release|Win32
		{63475578-0C83-4B2F-9AC5-A4513DE2907F}.Debug|ARM.ActiveCfg = Debug|ARM
		{63475578-0C83-4B2F-9AC5-A4513DE2907F}.Debug|ARM.Build.0 = Debug|ARM
		{63475578-0C83-4B2F-9AC5-A4513DE2907F}.Debug|x64.ActiveCfg = Debug|x64
		{63475578-0C83-4B2F-9AC5-A4513DE2907F}.Debug|x64.Build.0 = Debug|x64
		{63475578-0C83-4B2F-9AC5-A4513DE2907F}.Debug|x86.ActiveCfg = Debug|Win32
		{63475578-0C83-4B2F-9AC5-A4513DE2907F}.Debug|x86.Build.0 = Debug|Win32
		{63475578-0C83-4B2F-9AC5-A4513DE2907F}.Release|ARM.ActiveCfg = Release|ARM
		{63475578-0C83-4B2F-9AC5-A4513DE2907F}.Release|ARM.Build.0 = Release|ARM
		{63475578-0C83-4B2F-9AC5-A4513DE2907F}.Release|x64.ActiveCfg = Release|x64
		{63475578-0C83-4B2F-9AC5-A4513DE2907F}.Release|x64.Build.0 = Release|x64
		{63475578-0C83-4B2F-9AC5-A4513DE2907F}.Release|x86.ActiveCfg = Release|Win32
		{63475578-0C83-4B2F-9AC5-A4513DE2907F}.Release|x86.Build.0 = Release|Win32
		{AFB57C78-9C5A-4069-B085-CC4B564D06D7}.Debug|ARM.ActiveCfg = Debug|ARM
		{AFB57C78-9C5A-4069-B085-CC4B564D06D7}.Debug|ARM.Build.0 = Debug|ARM
		{AFB57C78-9C5A-4069-B085-CC4B564D06D7}.Debug|ARM.Deploy.0 = Debug|ARM
		{AFB57C78-9C5A-4069-B085-CC4B564D06D7}.Debug|x64.ActiveCfg = Debug|x64
		{AFB57C78-9C5A-4069-B085-CC4B564D06D7}.Debug|x64.Build.0 = Debug|x64
		{AFB57C78-9C5A-4069-B085-CC4B564D06D7}.Debug|x64.Deploy.0 = Debug|x64
		{AFB57C78-9C5A-4069-B085-CC4B564D06D7}.Debug|x86.ActiveCfg = Debug|Win32
		{AFB57C78-9C5A-4069-B085-CC4B564D06D7}.Debug|x86.Build.0 = Debug|Win32
		{AFB57C78-9C5A-4069-B085-CC4B564D06D7}.Debug|x86.Deploy.0 = Debug|Win32
		{AFB57C78-9C5A-4069-B085-CC4B564D06D7}.Release|ARM.ActiveCfg = Release|ARM
		{AFB57C78-9C5A-4069-B085-CC4B564D06D7}.Release|ARM.Build.0 = Release|ARM
		{AFB57C78-9C5A-4069-B085-CC4B564D06D7}.Release|ARM.Deploy.0 = Release|ARM
		{AFB57C78-9C5A-4069-B085-CC4B564D06D7}.Release|x64.ActiveCfg = Release|x64
		{AFB57C78-9C5A-4069-B085-CC4B564D06D7}.Release|x64.Build.0 = Release|x64
		{AFB57C78-9C5A-4069-B085-CC4B564D06D7}.Release|x64.Deploy.0 = Release|x64
		{AFB57C78-9C5A-4069-B085-CC4B564D06D7}.Release|x86.ActiveCfg = Release|Win32
		{AFB57C78-9C5A-4069-B085-CC4B564D06D7}.Release|x86.Build.0 = Release|Win32
		{AFB57C78-9C5A-4069-B085-CC4B564D06D7}.Release|x86.Deploy.0 = Release|Win32
		{EF6A66DA-E72F-47F8-B026-BEB58B5DDA31}.Debug|ARM.ActiveCfg = Debug|ARM
		{EF6A66DA-E72F-47F8-B026-BEB58B5DDA31}.Debug|ARM.Build.0 = Debug|ARM
		{EF6A66DA-E72F-47F8-B026-BEB58B5DDA31}.Debug|x64.ActiveCfg = Debug|x64
		{EF6A66DA-E72F-47F8-B026-BEB58B5DDA31}.Debug|x64.Build.0 = Debug|x64
		{EF6A66DA-E72F-47F8-B026-BEB58B5DDA31}.Debug|x86.ActiveCfg = Debug|Win32
		{EF6A66DA-E72F-47F8-B026-BEB58B5DDA31}.Debug|x86.Build.0 = Debug|Win32
		{EF6A66DA-E72F-47F8-B026-BEB58B5DDA31}.Release|ARM.ActiveCfg = Release|ARM
		{EF6A66DA-E72F-47F8-B026-BEB58B5DDA31}.Release|ARM.Build.0 = Release|ARM
		{EF6A66DA-E72F-47F8-B026-BEB58B5DDA31}.Release|x64.ActiveCfg = Release|x64
		{EF6A66DA-E72F-47F8-B026-BEB58B5DDA31}.Release|x64.Build.0 = Release|x64
		{EF6A66DA-E72F-47F8-B026-BEB58B5DDA31}.Release|x86.ActiveCfg = Release|Win32
		{EF6A66DA-E72F-47F8-B026-BEB58B5DDA31}.Release|x86.Build.0 = Release|Win32
	EndGlobalSection
	GlobalSection(SolutionProperties) = preSolution
		HideSolutionNode = FALSE
	EndGlobalSection
	GlobalSection(ExtensibilityGlobals) = postSolution
		SolutionGuid = {59C911C8-EA36-44DC-AFFA-0E86EDBE10D1}
	EndGlobalSection
EndGlobal
