<?xml version="1.0" encoding="utf-8"?>
<Project ToolsVersion="14.0" xmlns="http://schemas.microsoft.com/developer/msbuild/2003">
  <ItemGroup>
    <Filter Include="Precompiled Header">
      <UniqueIdentifier>{5209fe3f-2322-486a-9ce0-6b06a489f6ae}</UniqueIdentifier>
    </Filter>
    <Filter Include="Private">
      <UniqueIdentifier>{83443b5a-83be-49e8-847a-cf1669871def}</UniqueIdentifier>
    </Filter>
    <Filter Include="Private\Pairing">
      <UniqueIdentifier>{21446068-e7d1-4739-ac9b-b27e2fabcc13}</UniqueIdentifier>
    </Filter>
    <Filter Include="Private\Pairing\PairMakers">
      <UniqueIdentifier>{4cc4b4a9-e583-470e-927d-ee32ae0b364f}</UniqueIdentifier>
    </Filter>
    <Filter Include="Private\Pairing\PairMakers\Direct">
      <UniqueIdentifier>{9764bc9b-5cca-405f-9ee2-bba6e868d226}</UniqueIdentifier>
    </Filter>
    <Filter Include="Private\Pairing\PairMakers\Visual">
      <UniqueIdentifier>{62bde77d-0f1b-4e33-a339-93e8183e4c58}</UniqueIdentifier>
    </Filter>
    <Filter Include="Public">
      <UniqueIdentifier>{08bea9a4-0a55-4066-883f-39f030d76f85}</UniqueIdentifier>
    </Filter>
    <Filter Include="Public\Pairing">
      <UniqueIdentifier>{ab96a060-9060-4510-8a66-c9cd8503889e}</UniqueIdentifier>
    </Filter>
    <Filter Include="Public\Pairing\PairMakers">
      <UniqueIdentifier>{1ffa6a5e-d3d7-4997-87d9-e00a97c1bda5}</UniqueIdentifier>
    </Filter>
    <Filter Include="Public\Pairing\PairMakers\Direct">
      <UniqueIdentifier>{cb874622-4be4-4014-9604-02a7cc9725d4}</UniqueIdentifier>
    </Filter>
    <Filter Include="Public\Pairing\PairMakers\Visual">
      <UniqueIdentifier>{19e4ba9a-ec68-444d-a316-825d661c9679}</UniqueIdentifier>
    </Filter>
  </ItemGroup>
  <ItemGroup>
    <ClCompile Include="..\..\Source\Client\stdafx.cpp">
      <Filter>Precompiled Header</Filter>
    </ClCompile>
    <ClCompile Include="..\..\Source\Client\DynamicLibrary.cpp">
      <Filter>Private</Filter>
    </ClCompile>
    <ClCompile Include="..\..\Source\Client\Settings.cpp">
      <Filter>Private</Filter>
    </ClCompile>
    <ClCompile Include="..\..\Source\Client\SideCarContextImpl.cpp">
      <Filter>Private</Filter>
    </ClCompile>
    <ClCompile Include="..\..\Source\Client\TagImageImpl.cpp">
      <Filter>Private</Filter>
    </ClCompile>
    <ClCompile Include="..\..\Source\Client\PairingInfo.cpp">
      <Filter>Private\Pairing</Filter>
    </ClCompile>
    <ClCompile Include="..\..\Source\Client\PairingManagerImpl.cpp">
      <Filter>Private\Pairing</Filter>
    </ClCompile>
    <ClCompile Include="..\..\Source\Client\DirectPairConnector.cpp">
      <Filter>Private\Pairing\PairMakers\Direct</Filter>
    </ClCompile>
    <ClCompile Include="..\..\Source\Client\DirectPairReceiver.cpp">
      <Filter>Private\Pairing\PairMakers\Direct</Filter>
    </ClCompile>
    <ClCompile Include="..\..\Source\Client\ImageData.cpp">
      <Filter>Private\Pairing\PairMakers\Visual</Filter>
    </ClCompile>
    <ClCompile Include="..\..\Source\Client\ImageLuminanceSource.cpp">
      <Filter>Private\Pairing\PairMakers\Visual</Filter>
    </ClCompile>
    <ClCompile Include="..\..\Source\Client\VisualPairConnectorImpl.cpp">
      <Filter>Private\Pairing\PairMakers\Visual</Filter>
    </ClCompile>
    <ClCompile Include="..\..\Source\Client\VisualPairReceiverImpl.cpp">
      <Filter>Private\Pairing\PairMakers\Visual</Filter>
    </ClCompile>
    <ClCompile Include="..\..\Source\Client\SharingManagerImpl.cpp">
      <Filter>Private</Filter>
    </ClCompile>
  </ItemGroup>
  <ItemGroup>
    <ClInclude Include="..\..\Source\Client\stdafx.h">
      <Filter>Precompiled Header</Filter>
    </ClInclude>
    <ClInclude Include="..\..\Source\Client\DynamicLibrary.h">
      <Filter>Private</Filter>
    </ClInclude>
    <ClInclude Include="..\..\Source\Client\SideCarContextImpl.h">
      <Filter>Private</Filter>
    </ClInclude>
    <ClInclude Include="..\..\Source\Client\TagImageImpl.h">
      <Filter>Private</Filter>
    </ClInclude>
    <ClInclude Include="..\..\Source\Client\PairingInfo.h">
      <Filter>Private\Pairing</Filter>
    </ClInclude>
    <ClInclude Include="..\..\Source\Client\PairingManagerImpl.h">
      <Filter>Private\Pairing</Filter>
    </ClInclude>
    <ClInclude Include="..\..\Source\Client\ImageData.h">
      <Filter>Private\Pairing\PairMakers\Visual</Filter>
    </ClInclude>
    <ClInclude Include="..\..\Source\Client\ImageLuminanceSource.h">
      <Filter>Private\Pairing\PairMakers\Visual</Filter>
    </ClInclude>
    <ClInclude Include="..\..\Source\Client\VisualPairConnectorImpl.h">
      <Filter>Private\Pairing\PairMakers\Visual</Filter>
    </ClInclude>
    <ClInclude Include="..\..\Source\Client\VisualPairReceiverImpl.h">
      <Filter>Private\Pairing\PairMakers\Visual</Filter>
    </ClInclude>
    <ClInclude Include="..\..\Source\Client\ZXingIncludes.h">
      <Filter>Private\Pairing\PairMakers\Visual</Filter>
    </ClInclude>
    <ClInclude Include="..\..\Source\Client\ClientWrapperAPI.h">
      <Filter>Public</Filter>
    </ClInclude>
    <ClInclude Include="..\..\Source\Client\Settings.h">
      <Filter>Public</Filter>
    </ClInclude>
    <ClInclude Include="..\..\Source\Client\TagImage.h">
      <Filter>Public</Filter>
    </ClInclude>
    <ClInclude Include="..\..\Source\Client\PairingListener.h">
      <Filter>Public\Pairing</Filter>
    </ClInclude>
    <ClInclude Include="..\..\Source\Client\PairingManager.h">
      <Filter>Public\Pairing</Filter>
    </ClInclude>
    <ClInclude Include="..\..\Source\Client\PairingResult.h">
      <Filter>Public\Pairing</Filter>
    </ClInclude>
    <ClInclude Include="..\..\Source\Client\PairMaker.h">
      <Filter>Public\Pairing</Filter>
    </ClInclude>
    <ClInclude Include="..\..\Source\Client\DirectPairConnector.h">
      <Filter>Public\Pairing\PairMakers\Direct</Filter>
    </ClInclude>
    <ClInclude Include="..\..\Source\Client\DirectPairReceiver.h">
      <Filter>Public\Pairing\PairMakers\Direct</Filter>
    </ClInclude>
    <ClInclude Include="..\..\Source\Client\VisualPairConnector.h">
      <Filter>Public\Pairing\PairMakers\Visual</Filter>
    </ClInclude>
    <ClInclude Include="..\..\Source\Client\VisualPairReceiver.h">
      <Filter>Public\Pairing\PairMakers\Visual</Filter>
    </ClInclude>
    <ClInclude Include="..\..\Source\Client\SharingManagerImpl.h">
      <Filter>Private</Filter>
    </ClInclude>
    <ClInclude Include="..\..\Source\Client\SharingManager.h">
      <Filter>Public</Filter>
    </ClInclude>
  </ItemGroup>
</Project>