
Microsoft Visual Studio Solution File, Format Version 12.00
# Visual Studio 15
VisualStudioVersion = 15.0.27004.2009
MinimumVisualStudioVersion = 10.0.40219.1
Project("{FAE04EC0-301F-11D3-BF4B-00C04F79EFBC}") = "MicDemoApp", "..\Projects\MicDemoApp\MicDemoApp.csproj", "{E1E23D23-2A2E-4E03-8C2F-112D27365BB9}"
EndProject
Project("{8BC9CEB8-8B4A-11D0-8D11-00A0C91BC942}") = "MicStreamSelector", "..\Projects\MicStreamSelector_Win32\MicStreamSelector.vcxproj", "{736065EE-9C6D-468F-90D5-470B92FE7FA8}"
EndProject
Project("{8BC9CEB8-8B4A-11D0-8D11-00A0C91BC942}") = "MicStreamSelector_UWP", "..\Projects\MicStreamSelector_UWP\MicStreamSelector_UWP.vcxproj", "{D9536467-5A1A-4C69-8BD9-ADCF70BB776A}"
EndProject
Global
	GlobalSection(SolutionConfigurationPlatforms) = preSolution
		Debug|ARM = Debug|ARM
		Debug|x64 = Debug|x64
		Debug|x86 = Debug|x86
		Release|ARM = Release|ARM
		Release|x64 = Release|x64
		Release|x86 = Release|x86
	EndGlobalSection
	GlobalSection(ProjectConfigurationPlatforms) = postSolution
		{E1E23D23-2A2E-4E03-8C2F-112D27365BB9}.Debug|ARM.ActiveCfg = Debug|ARM
		{E1E23D23-2A2E-4E03-8C2F-112D27365BB9}.Debug|ARM.Build.0 = Debug|ARM
		{E1E23D23-2A2E-4E03-8C2F-112D27365BB9}.Debug|ARM.Deploy.0 = Debug|ARM
		{E1E23D23-2A2E-4E03-8C2F-112D27365BB9}.Debug|x64.ActiveCfg = Debug|x64
		{E1E23D23-2A2E-4E03-8C2F-112D27365BB9}.Debug|x64.Build.0 = Debug|x64
		{E1E23D23-2A2E-4E03-8C2F-112D27365BB9}.Debug|x64.Deploy.0 = Debug|x64
		{E1E23D23-2A2E-4E03-8C2F-112D27365BB9}.Debug|x86.ActiveCfg = Debug|x86
		{E1E23D23-2A2E-4E03-8C2F-112D27365BB9}.Debug|x86.Build.0 = Debug|x86
		{E1E23D23-2A2E-4E03-8C2F-112D27365BB9}.Debug|x86.Deploy.0 = Debug|x86
		{E1E23D23-2A2E-4E03-8C2F-112D27365BB9}.Release|ARM.ActiveCfg = Release|ARM
		{E1E23D23-2A2E-4E03-8C2F-112D27365BB9}.Release|ARM.Build.0 = Release|ARM
		{E1E23D23-2A2E-4E03-8C2F-112D27365BB9}.Release|ARM.Deploy.0 = Release|ARM
		{E1E23D23-2A2E-4E03-8C2F-112D27365BB9}.Release|x64.ActiveCfg = Release|x64
		{E1E23D23-2A2E-4E03-8C2F-112D27365BB9}.Release|x64.Build.0 = Release|x64
		{E1E23D23-2A2E-4E03-8C2F-112D27365BB9}.Release|x64.Deploy.0 = Release|x64
		{E1E23D23-2A2E-4E03-8C2F-112D27365BB9}.Release|x86.ActiveCfg = Release|x86
		{E1E23D23-2A2E-4E03-8C2F-112D27365BB9}.Release|x86.Build.0 = Release|x86
		{E1E23D23-2A2E-4E03-8C2F-112D27365BB9}.Release|x86.Deploy.0 = Release|x86
		{736065EE-9C6D-468F-90D5-470B92FE7FA8}.Debug|ARM.ActiveCfg = Debug|ARM
		{736065EE-9C6D-468F-90D5-470B92FE7FA8}.Debug|x64.ActiveCfg = Debug|x64
		{736065EE-9C6D-468F-90D5-470B92FE7FA8}.Debug|x64.Build.0 = Debug|x64
		{736065EE-9C6D-468F-90D5-470B92FE7FA8}.Debug|x86.ActiveCfg = Debug|Win32
		{736065EE-9C6D-468F-90D5-470B92FE7FA8}.Debug|x86.Build.0 = Debug|Win32
		{736065EE-9C6D-468F-90D5-470B92FE7FA8}.Release|ARM.ActiveCfg = Release|ARM
		{736065EE-9C6D-468F-90D5-470B92FE7FA8}.Release|x64.ActiveCfg = Release|x64
		{736065EE-9C6D-468F-90D5-470B92FE7FA8}.Release|x64.Build.0 = Release|x64
		{736065EE-9C6D-468F-90D5-470B92FE7FA8}.Release|x86.ActiveCfg = Release|Win32
		{736065EE-9C6D-468F-90D5-470B92FE7FA8}.Release|x86.Build.0 = Release|Win32
		{D9536467-5A1A-4C69-8BD9-ADCF70BB776A}.Debug|ARM.ActiveCfg = Debug|ARM
		{D9536467-5A1A-4C69-8BD9-ADCF70BB776A}.Debug|ARM.Build.0 = Debug|ARM
		{D9536467-5A1A-4C69-8BD9-ADCF70BB776A}.Debug|x64.ActiveCfg = Debug|x64
		{D9536467-5A1A-4C69-8BD9-ADCF70BB776A}.Debug|x64.Build.0 = Debug|x64
		{D9536467-5A1A-4C69-8BD9-ADCF70BB776A}.Debug|x86.ActiveCfg = Debug|Win32
		{D9536467-5A1A-4C69-8BD9-ADCF70BB776A}.Debug|x86.Build.0 = Debug|Win32
		{D9536467-5A1A-4C69-8BD9-ADCF70BB776A}.Release|ARM.ActiveCfg = Release|ARM
		{D9536467-5A1A-4C69-8BD9-ADCF70BB776A}.Release|ARM.Build.0 = Release|ARM
		{D9536467-5A1A-4C69-8BD9-ADCF70BB776A}.Release|x64.ActiveCfg = Release|x64
		{D9536467-5A1A-4C69-8BD9-ADCF70BB776A}.Release|x64.Build.0 = Release|x64
		{D9536467-5A1A-4C69-8BD9-ADCF70BB776A}.Release|x86.ActiveCfg = Release|Win32
		{D9536467-5A1A-4C69-8BD9-ADCF70BB776A}.Release|x86.Build.0 = Release|Win32
	EndGlobalSection
	GlobalSection(SolutionProperties) = preSolution
		HideSolutionNode = FALSE
	EndGlobalSection
	GlobalSection(ExtensibilityGlobals) = postSolution
		SolutionGuid = {C9CB8016-DECA-4300-9A28-7AAAAD963C0E}
	EndGlobalSection
EndGlobal
