<?xml version="1.0" encoding="utf-8"?>
<Project ToolsVersion="4.0" xmlns="http://schemas.microsoft.com/developer/msbuild/2003">
  <ItemGroup>
    <Filter Include="Source">
      <UniqueIdentifier>{c55b8032-4340-42f5-8406-66765a358b40}</UniqueIdentifier>
    </Filter>
    <Filter Include="Source\Private">
      <UniqueIdentifier>{7a1f5066-711e-4227-aad7-7b0d7054ad3f}</UniqueIdentifier>
    </Filter>
    <Filter Include="Source\Public">
      <UniqueIdentifier>{30b9686f-4f9b-4c3e-919a-ad82e81cca52}</UniqueIdentifier>
    </Filter>
    <Filter Include="Source\Private\Utils">
      <UniqueIdentifier>{f992f385-bebd-443e-94ab-41809802bdf0}</UniqueIdentifier>
    </Filter>
    <Filter Include="Source\Public\Utils">
      <UniqueIdentifier>{8b9724e0-2104-4a62-8df1-2d27084b0fed}</UniqueIdentifier>
    </Filter>
    <Filter Include="Source\Private\Networking">
      <UniqueIdentifier>{473c30cd-2299-4616-8e4e-915751b0b79e}</UniqueIdentifier>
    </Filter>
    <Filter Include="Source\Public\Networking">
      <UniqueIdentifier>{eb953ca0-bb1a-423e-a46b-d54285cbe388}</UniqueIdentifier>
    </Filter>
    <Filter Include="Source\Public\SideCar">
      <UniqueIdentifier>{34cf0905-47af-40ab-ae81-1058f6bed33e}</UniqueIdentifier>
    </Filter>
    <Filter Include="Source\Private\Sync">
      <UniqueIdentifier>{eddd425f-a449-426a-be71-913c2ce4a7b9}</UniqueIdentifier>
    </Filter>
    <Filter Include="Source\Public\Sync">
      <UniqueIdentifier>{3ef1851e-7d60-4f21-a28b-470b934d2210}</UniqueIdentifier>
    </Filter>
    <Filter Include="Source\Private\Sync\Operations">
      <UniqueIdentifier>{ed1b7e86-0dcd-4911-a4e3-3f191ba717ef}</UniqueIdentifier>
    </Filter>
    <Filter Include="Source\Private\Sync\Transforms">
      <UniqueIdentifier>{108abc71-c0ec-4aba-a1ab-02d715e961fa}</UniqueIdentifier>
    </Filter>
    <Filter Include="Source\Private\Sync\Elements">
      <UniqueIdentifier>{beaf3919-b732-4ac5-9f25-dfcdb58682f4}</UniqueIdentifier>
    </Filter>
    <Filter Include="Source\Public\Sync\Elements">
      <UniqueIdentifier>{6b457d62-8b00-4942-972f-9bf4d47755f3}</UniqueIdentifier>
    </Filter>
    <Filter Include="Source\Private\Sessions">
      <UniqueIdentifier>{f134a082-d2b3-4bcf-a05a-886740bf61a0}</UniqueIdentifier>
    </Filter>
    <Filter Include="Source\Private\JSON">
      <UniqueIdentifier>{0cf9a21f-0b3d-44e3-9085-af124634d6f3}</UniqueIdentifier>
    </Filter>
    <Filter Include="Source\Private\JSON\compat">
      <UniqueIdentifier>{eda4f0a6-a1f8-47fe-b9f8-f88a27859cd2}</UniqueIdentifier>
    </Filter>
    <Filter Include="Source\Private\JSON\cpprest">
      <UniqueIdentifier>{b2d44f75-c41d-4d40-b41a-aa6c81adc87c}</UniqueIdentifier>
    </Filter>
    <Filter Include="Source\Private\JSON\utilities">
      <UniqueIdentifier>{2532ab1b-3183-497c-b7aa-068682962c94}</UniqueIdentifier>
    </Filter>
    <Filter Include="Source\Private\Sessions\Messages">
      <UniqueIdentifier>{3631b0bd-dee6-481f-ba7b-25f24d78385a}</UniqueIdentifier>
    </Filter>
    <Filter Include="Source\Public\Networking\HandshakeLogic">
      <UniqueIdentifier>{88307bca-f58b-43a9-b0db-7fb8e27a439d}</UniqueIdentifier>
    </Filter>
    <Filter Include="Source\Private\Networking\HandshakeLogic">
      <UniqueIdentifier>{1558793e-530e-416d-b5a9-ddb40497dba8}</UniqueIdentifier>
    </Filter>
    <Filter Include="Source\Public\Profiling">
      <UniqueIdentifier>{b683acb9-7a56-4491-9e08-792e13f8d736}</UniqueIdentifier>
    </Filter>
    <Filter Include="Source\Private\Profiling">
      <UniqueIdentifier>{56443aba-0279-4518-b139-e5bc96658d12}</UniqueIdentifier>
    </Filter>
    <Filter Include="Symbols">
      <UniqueIdentifier>{424fcaf8-9259-407d-ae25-4a0a99af5555}</UniqueIdentifier>
    </Filter>
    <Filter Include="Source\Public\Audio">
      <UniqueIdentifier>{83e80b63-f286-4841-ac76-3226218f5b7d}</UniqueIdentifier>
    </Filter>
    <Filter Include="Source\Private\Audio">
      <UniqueIdentifier>{59313187-299d-4b2d-ab2b-3d91d814d82c}</UniqueIdentifier>
    </Filter>
    <Filter Include="Source\Public\Networking\Discovery">
      <UniqueIdentifier>{f1e7809c-0b9e-42e5-9b23-b769e5a2190f}</UniqueIdentifier>
    </Filter>
    <Filter Include="Source\Private\Networking\Discovery">
      <UniqueIdentifier>{6abcbb75-8111-40c5-8e8e-e897748866bc}</UniqueIdentifier>
    </Filter>
    <Filter Include="Source\Public\Rooms">
      <UniqueIdentifier>{bff50664-4861-4c15-b4d1-026688e018d0}</UniqueIdentifier>
    </Filter>
    <Filter Include="Source\Private\Rooms">
      <UniqueIdentifier>{2a07a111-2c59-4e5c-8471-589ee06ef72c}</UniqueIdentifier>
    </Filter>
    <Filter Include="Source\Private\Sync\Utils">
      <UniqueIdentifier>{6b37e562-9e43-4023-8777-f0b836f3817c}</UniqueIdentifier>
    </Filter>
  </ItemGroup>
  <ItemGroup>
    <ClCompile Include="..\..\Source\Common\Private\XString.cpp">
      <Filter>Source\Private</Filter>
    </ClCompile>
    <ClCompile Include="..\..\Source\Common\Private\Utils\Mutex.cpp">
      <Filter>Source\Private\Utils</Filter>
    </ClCompile>
    <ClCompile Include="..\..\Source\Common\Private\Utils\ScopedLock.cpp">
      <Filter>Source\Private\Utils</Filter>
    </ClCompile>
    <ClCompile Include="..\..\Source\Common\stdafx.cpp">
      <Filter>Source</Filter>
    </ClCompile>
    <ClCompile Include="..\..\Source\Common\Private\Utils\Logger.cpp">
      <Filter>Source\Private\Utils</Filter>
    </ClCompile>
    <ClCompile Include="..\..\Source\Common\Private\Environment.cpp">
      <Filter>Source\Private</Filter>
    </ClCompile>
    <ClCompile Include="..\..\Source\Common\Private\NetworkConnectionImpl.cpp">
      <Filter>Source\Private\Networking</Filter>
    </ClCompile>
    <ClCompile Include="..\..\Source\Common\Private\NetworkInMessageImpl.cpp">
      <Filter>Source\Private\Networking</Filter>
    </ClCompile>
    <ClCompile Include="..\..\Source\Common\Private\NetworkOutMessageImpl.cpp">
      <Filter>Source\Private\Networking</Filter>
    </ClCompile>
    <ClCompile Include="..\..\Source\Common\Private\NetworkMessagePool.cpp">
      <Filter>Source\Private\Networking</Filter>
    </ClCompile>
    <ClCompile Include="..\..\Source\Common\Private\UserImpl.cpp">
      <Filter>Source\Private</Filter>
    </ClCompile>
    <ClCompile Include="..\..\Source\Common\Private\SyncManagerImpl.cpp">
      <Filter>Source\Private\Sync</Filter>
    </ClCompile>
    <ClCompile Include="..\..\Source\Common\Private\TransformManager.cpp">
      <Filter>Source\Private\Sync\Transforms</Filter>
    </ClCompile>
    <ClCompile Include="..\..\Source\Common\Private\CreateOperation.cpp">
      <Filter>Source\Private\Sync\Operations</Filter>
    </ClCompile>
    <ClCompile Include="..\..\Source\Common\Private\DeleteOperation.cpp">
      <Filter>Source\Private\Sync\Operations</Filter>
    </ClCompile>
    <ClCompile Include="..\..\Source\Common\Private\NoopOperation.cpp">
      <Filter>Source\Private\Sync\Operations</Filter>
    </ClCompile>
    <ClCompile Include="..\..\Source\Common\Private\ModifyOperation.cpp">
      <Filter>Source\Private\Sync\Operations</Filter>
    </ClCompile>
    <ClCompile Include="..\..\Source\Common\Private\SyncContext.cpp">
      <Filter>Source\Private\Sync</Filter>
    </ClCompile>
    <ClCompile Include="..\..\Source\Common\Private\FloatElementImpl.cpp">
      <Filter>Source\Private\Sync\Elements</Filter>
    </ClCompile>
    <ClCompile Include="..\..\Source\Common\Private\IntElementImpl.cpp">
      <Filter>Source\Private\Sync\Elements</Filter>
    </ClCompile>
    <ClCompile Include="..\..\Source\Common\Private\ObjectElementImpl.cpp">
      <Filter>Source\Private\Sync\Elements</Filter>
    </ClCompile>
    <ClCompile Include="..\..\Source\Common\Private\StringElementImpl.cpp">
      <Filter>Source\Private\Sync\Elements</Filter>
    </ClCompile>
    <ClCompile Include="..\..\Source\Common\Private\XValue.cpp">
      <Filter>Source\Private\Sync</Filter>
    </ClCompile>
    <ClCompile Include="..\..\Source\Common\Private\OperationFactory.cpp">
      <Filter>Source\Private\Sync\Operations</Filter>
    </ClCompile>
    <ClCompile Include="..\..\Source\Common\Private\SessionImpl.cpp">
      <Filter>Source\Private\Sessions</Filter>
    </ClCompile>
    <ClCompile Include="..\..\Source\Common\Private\json\json.cpp">
      <Filter>Source\Private\JSON</Filter>
    </ClCompile>
    <ClCompile Include="..\..\Source\Common\Private\json\json_parsing.cpp">
      <Filter>Source\Private\JSON</Filter>
    </ClCompile>
    <ClCompile Include="..\..\Source\Common\Private\json\json_serialization.cpp">
      <Filter>Source\Private\JSON</Filter>
    </ClCompile>
    <ClCompile Include="..\..\Source\Common\Private\json\utilities\asyncrt_utils.cpp">
      <Filter>Source\Private\JSON\utilities</Filter>
    </ClCompile>
    <ClCompile Include="..\..\Source\Common\Private\SessionDescriptorImpl.cpp">
      <Filter>Source\Private\Sessions</Filter>
    </ClCompile>
    <ClCompile Include="..\..\Source\Common\Private\JSONMessage.cpp">
      <Filter>Source\Private\JSON</Filter>
    </ClCompile>
    <ClCompile Include="..\..\Source\Common\Private\ElementFactory.cpp">
      <Filter>Source\Private\Sync\Elements</Filter>
    </ClCompile>
    <ClCompile Include="..\..\Source\Common\Private\ModifyModifyTransform.cpp">
      <Filter>Source\Private\Sync\Transforms</Filter>
    </ClCompile>
    <ClCompile Include="..\..\Source\Common\Private\SessionDescriptorImpl.cpp">
      <Filter>Source\Private\Sessions</Filter>
    </ClCompile>
    <ClCompile Include="..\..\Source\Common\Private\TunnelConnection.cpp">
      <Filter>Source\Private\Networking</Filter>
    </ClCompile>
    <ClCompile Include="..\..\Source\Common\Private\TunnelBridge.cpp">
      <Filter>Source\Private\Networking</Filter>
    </ClCompile>
    <ClCompile Include="..\..\Source\Common\Private\SessionMessageRouter.cpp">
      <Filter>Source\Private\Sessions</Filter>
    </ClCompile>
    <ClCompile Include="..\..\Source\Common\Private\JoinSessionReply.cpp">
      <Filter>Source\Private\Sessions\Messages</Filter>
    </ClCompile>
    <ClCompile Include="..\..\Source\Common\Private\JoinSessionRequest.cpp">
      <Filter>Source\Private\Sessions\Messages</Filter>
    </ClCompile>
    <ClCompile Include="..\..\Source\Common\Private\NewSessionReply.cpp">
      <Filter>Source\Private\Sessions\Messages</Filter>
    </ClCompile>
    <ClCompile Include="..\..\Source\Common\Private\NewSessionRequest.cpp">
      <Filter>Source\Private\Sessions\Messages</Filter>
    </ClCompile>
    <ClCompile Include="..\..\Source\Common\Private\UserJoinedSessionMsg.cpp">
      <Filter>Source\Private\Sessions\Messages</Filter>
    </ClCompile>
    <ClCompile Include="..\..\Source\Common\Private\UserLeftSessionMsg.cpp">
      <Filter>Source\Private\Sessions\Messages</Filter>
    </ClCompile>
    <ClCompile Include="..\..\Source\Common\Private\SessionManagerImpl.cpp">
      <Filter>Source\Private\Sessions</Filter>
    </ClCompile>
    <ClCompile Include="..\..\Source\Common\Private\ListSessionsRequest.cpp">
      <Filter>Source\Private\Sessions\Messages</Filter>
    </ClCompile>
    <ClCompile Include="..\..\Source\Common\Private\ListSessionsReply.cpp">
      <Filter>Source\Private\Sessions\Messages</Filter>
    </ClCompile>
    <ClCompile Include="..\..\Source\Common\Private\SessionAddedMsg.cpp">
      <Filter>Source\Private\Sessions\Messages</Filter>
    </ClCompile>
    <ClCompile Include="..\..\Source\Common\Private\SessionClosedMsg.cpp">
      <Filter>Source\Private\Sessions\Messages</Filter>
    </ClCompile>
    <ClCompile Include="..\..\Source\Common\Private\Utils\Hash.cpp">
      <Filter>Source\Private\Utils</Filter>
    </ClCompile>
    <ClCompile Include="..\..\Source\Common\Private\CreateCreateTransform.cpp">
      <Filter>Source\Private\Sync\Transforms</Filter>
    </ClCompile>
    <ClCompile Include="..\..\Source\Common\Private\CreateModifyTransform.cpp">
      <Filter>Source\Private\Sync\Transforms</Filter>
    </ClCompile>
    <ClCompile Include="..\..\Source\Common\Private\Utils\MemoryManager.cpp">
      <Filter>Source\Private\Utils</Filter>
    </ClCompile>
    <ClCompile Include="..\..\Source\Common\Private\NetworkHandshake.cpp">
      <Filter>Source\Private\Networking</Filter>
    </ClCompile>
    <ClCompile Include="..\..\Source\Common\Private\PairingHandshakeLogic.cpp">
      <Filter>Source\Private\Networking\HandshakeLogic</Filter>
    </ClCompile>
    <ClCompile Include="..\..\Source\Common\Private\XSocketImpl.cpp">
      <Filter>Source\Private\Networking</Filter>
    </ClCompile>
    <ClCompile Include="..\..\Source\Common\Private\XSocketManagerImpl.cpp">
      <Filter>Source\Private\Networking</Filter>
    </ClCompile>
    <ClCompile Include="..\..\Source\Common\Private\CreateDeleteTransform.cpp">
      <Filter>Source\Private\Sync\Transforms</Filter>
    </ClCompile>
    <ClCompile Include="..\..\Source\Common\Private\DeleteCreateTransform.cpp">
      <Filter>Source\Private\Sync\Transforms</Filter>
    </ClCompile>
    <ClCompile Include="..\..\Source\Common\Private\DeleteDeleteTransform.cpp">
      <Filter>Source\Private\Sync\Transforms</Filter>
    </ClCompile>
    <ClCompile Include="..\..\Source\Common\Private\DeleteModifyTransform.cpp">
      <Filter>Source\Private\Sync\Transforms</Filter>
    </ClCompile>
    <ClCompile Include="..\..\Source\Common\Private\ModifyDeleteTransform.cpp">
      <Filter>Source\Private\Sync\Transforms</Filter>
    </ClCompile>
    <ClCompile Include="..\..\Source\Common\Private\SessionListHandshakeLogic.cpp">
      <Filter>Source\Private\Networking\HandshakeLogic</Filter>
    </ClCompile>
    <ClCompile Include="..\..\Source\Common\Private\SessionHandshakeLogic.cpp">
      <Filter>Source\Private\Networking\HandshakeLogic</Filter>
    </ClCompile>
    <ClCompile Include="..\..\Source\Common\Private\BufferQueue.cpp">
      <Filter>Source\Private\Networking</Filter>
    </ClCompile>
    <ClCompile Include="..\..\Source\Common\Private\Buffer.cpp">
      <Filter>Source\Private\Networking</Filter>
    </ClCompile>
    <ClCompile Include="..\..\Source\Common\Private\Message.cpp">
      <Filter>Source\Private\Networking</Filter>
    </ClCompile>
    <ClCompile Include="..\..\Source\Common\Private\Utils\MemberFuncThread.cpp">
      <Filter>Source\Private\Utils</Filter>
    </ClCompile>
    <ClCompile Include="..\..\Source\Common\Private\UserChangedSessionMsg.cpp">
      <Filter>Source\Private\Sessions\Messages</Filter>
    </ClCompile>
    <ClCompile Include="..\..\Source\Common\Private\UserPresenceManagerFollowerImpl.cpp">
      <Filter>Source\Private</Filter>
    </ClCompile>
    <ClCompile Include="..\..\Source\Common\Private\UserPresenceManagerLeaderImpl.cpp">
      <Filter>Source\Private</Filter>
    </ClCompile>
    <ClCompile Include="..\..\Source\Common\Private\Operation.cpp">
      <Filter>Source\Private\Sync\Operations</Filter>
    </ClCompile>
    <ClCompile Include="..\..\Source\Common\Private\AckOperation.cpp">
      <Filter>Source\Private\Sync\Operations</Filter>
    </ClCompile>
    <ClCompile Include="..\..\Source\Common\Private\Utils\ClassThreadRunner.cpp">
      <Filter>Source\Private\Utils</Filter>
    </ClCompile>
    <ClCompile Include="..\..\Source\Common\Private\Peer.cpp">
      <Filter>Source\Private\Networking</Filter>
    </ClCompile>
    <ClCompile Include="..\..\Source\Common\Private\Utils\FileLogWriter.cpp">
      <Filter>Source\Private\Utils</Filter>
    </ClCompile>
    <ClCompile Include="..\..\Source\Common\Private\Utils\LFQueue.cpp">
      <Filter>Source\Private\Utils</Filter>
    </ClCompile>
    <ClCompile Include="..\..\Source\Common\Private\Utils\PlatformUtils.cpp">
      <Filter>Source\Private\Utils</Filter>
    </ClCompile>
    <ClCompile Include="..\..\Source\Common\Private\Reflection.cpp">
      <Filter>Source\Private</Filter>
    </ClCompile>
    <ClCompile Include="..\..\Source\Common\Private\AudioPacket.cpp">
      <Filter>Source\Private\Audio</Filter>
    </ClCompile>
    <ClCompile Include="..\..\Source\Common\Private\AudioPacketPool.cpp">
      <Filter>Source\Private\Audio</Filter>
    </ClCompile>
    <ClCompile Include="..\..\Source\Common\Private\AudioWavFile.cpp">
      <Filter>Source\Private\Audio</Filter>
    </ClCompile>
    <ClCompile Include="..\..\Source\Common\Private\ResampleProcessor.cpp">
      <Filter>Source\Private\Audio</Filter>
    </ClCompile>
    <ClCompile Include="..\..\Source\Common\Private\ClientContext.cpp">
      <Filter>Source\Private</Filter>
    </ClCompile>
    <ClCompile Include="..\..\Source\Common\Private\ClientConfig.cpp">
      <Filter>Source\Private</Filter>
    </ClCompile>
    <ClCompile Include="..\..\Source\Common\Private\AudioConnectionClient.cpp">
      <Filter>Source\Private\Audio</Filter>
    </ClCompile>
    <ClCompile Include="..\..\Source\Common\Private\AudioSessionProcessor.cpp">
      <Filter>Source\Private\Audio</Filter>
    </ClCompile>
    <ClCompile Include="..\..\Source\Common\Private\Utils\XThread.cpp">
      <Filter>Source\Private\Utils</Filter>
    </ClCompile>
    <ClCompile Include="..\..\Source\Common\Private\AudioManagerImpl.cpp">
      <Filter>Source\Private\Audio</Filter>
    </ClCompile>
    <ClCompile Include="..\..\Source\Common\Private\AudioSessionProcessorClient.cpp">
      <Filter>Source\Private\Audio</Filter>
    </ClCompile>
    <ClCompile Include="..\..\Source\Common\Private\AudioConnection.cpp">
      <Filter>Source\Private\Audio</Filter>
    </ClCompile>
    <ClCompile Include="..\..\Source\Common\Private\SpeexProcessor.cpp">
      <Filter>Source\Private\Audio</Filter>
    </ClCompile>
    <ClCompile Include="..\..\Source\Common\Private\Utils\IUpdateable.cpp">
      <Filter>Source\Private\Utils</Filter>
    </ClCompile>
    <ClCompile Include="..\..\Source\Common\Private\Utils\Event.cpp">
      <Filter>Source\Private\Utils</Filter>
    </ClCompile>
    <ClCompile Include="..\..\Source\Common\Private\Utils\StringUtils.cpp">
      <Filter>Source\Private\Utils</Filter>
    </ClCompile>
    <ClCompile Include="..\..\Source\Common\Private\DiscoveryClientImpl.cpp">
      <Filter>Source\Private\Networking\Discovery</Filter>
    </ClCompile>
    <ClCompile Include="..\..\Source\Common\Private\DiscoveredSystem.cpp">
      <Filter>Source\Private\Networking\Discovery</Filter>
    </ClCompile>
    <ClCompile Include="..\..\Source\Common\Private\ProfileManagerImpl.cpp">
      <Filter>Source\Private\Profiling</Filter>
    </ClCompile>
    <ClCompile Include="..\..\Source\Common\Private\ProfileEntry.cpp">
      <Filter>Source\Private\Profiling</Filter>
    </ClCompile>
    <ClCompile Include="..\..\Source\Common\Private\Profile.cpp">
      <Filter>Source\Private\Profiling</Filter>
    </ClCompile>
    <ClCompile Include="..\..\Source\Common\Private\IPAddress.cpp">
      <Filter>Source\Private\Networking</Filter>
    </ClCompile>
    <ClCompile Include="..\..\Source\Common\Private\Utils\Log.cpp">
      <Filter>Source\Private\Utils</Filter>
    </ClCompile>
    <ClCompile Include="..\..\Source\Common\Private\Utils\RegistrationReceipt.cpp">
      <Filter>Source\Private\Utils</Filter>
    </ClCompile>
    <ClCompile Include="..\..\Source\Common\Private\AnchorDownloadRequestImpl.cpp">
      <Filter>Source\Private\Rooms</Filter>
    </ClCompile>
    <ClCompile Include="..\..\Source\Common\Private\RoomImpl.cpp">
      <Filter>Source\Private\Rooms</Filter>
    </ClCompile>
    <ClCompile Include="..\..\Source\Common\Private\RoomManagerImpl.cpp">
      <Filter>Source\Private\Rooms</Filter>
    </ClCompile>
    <ClCompile Include="..\..\Source\Common\Private\Syncable.cpp">
      <Filter>Source\Private\Sync\Utils</Filter>
    </ClCompile>
    <ClCompile Include="..\..\Source\Common\Private\SyncObject.cpp">
      <Filter>Source\Private\Sync\Utils</Filter>
    </ClCompile>
    <ClCompile Include="..\..\Source\Common\Private\LongElementImpl.cpp">
      <Filter>Source\Private\Sync\Elements</Filter>
    </ClCompile>
    <ClCompile Include="..\..\Source\Common\Private\DoubleElementImpl.cpp">
      <Filter>Source\Private\Sync\Elements</Filter>
    </ClCompile>
    <ClCompile Include="..\..\Source\Common\Private\IntArrayElementImpl.cpp">
      <Filter>Source\Private\Sync\Elements</Filter>
    </ClCompile>
    <ClCompile Include="..\..\Source\Common\Private\UpdateOperation.cpp">
      <Filter>Source\Private\Sync\Operations</Filter>
    </ClCompile>
    <ClCompile Include="..\..\Source\Common\Private\InsertOperation.cpp">
      <Filter>Source\Private\Sync\Operations</Filter>
    </ClCompile>
    <ClCompile Include="..\..\Source\Common\Private\RemoveOperation.cpp">
      <Filter>Source\Private\Sync\Operations</Filter>
    </ClCompile>
    <ClCompile Include="..\..\Source\Common\Private\ArrayTransforms.cpp">
      <Filter>Source\Private\Sync\Transforms</Filter>
    </ClCompile>
    <ClCompile Include="..\..\Source\Common\Private\IntArrayAdapter.cpp">
      <Filter>Source\Private\Sync\Utils</Filter>
    </ClCompile>
    <ClCompile Include="..\..\Source\Common\Private\AnchorList.cpp">
      <Filter>Source\Private\Rooms</Filter>
    </ClCompile>
    <ClCompile Include="..\..\Source\Common\Private\NetworkThreadCommands.cpp">
      <Filter>Source\Private\Networking</Filter>
    </ClCompile>
    <ClCompile Include="..\..\Source\Common\Private\BoolElementImpl.cpp">
      <Filter>Source\Private\Sync\Elements</Filter>
    </ClCompile>
    <ClCompile Include="..\..\Source\Common\Private\FloatArrayElementImpl.cpp">
      <Filter>Source\Private\Sync\Elements</Filter>
    </ClCompile>
    <ClCompile Include="..\..\Source\Common\Private\StringArrayElementImpl.cpp">
      <Filter>Source\Private\Sync\Elements</Filter>
    </ClCompile>
    <ClCompile Include="..\..\Source\Common\Private\ReplaceOperation.cpp">
      <Filter>Source\Private\Sync\Operations</Filter>
    </ClCompile>
    <ClCompile Include="..\..\Source\Common\Private\ReplaceTransforms.cpp">
      <Filter>Source\Private\Sync\Transforms</Filter>
    </ClCompile>
  </ItemGroup>
  <ItemGroup>
    <ClInclude Include="..\..\Source\Common\Private\Utils\ScopedLock.h">
      <Filter>Source\Private\Utils</Filter>
    </ClInclude>
    <ClInclude Include="..\..\Source\Common\Public\BasicTypes.h">
      <Filter>Source\Public</Filter>
    </ClInclude>
    <ClInclude Include="..\..\Source\Common\Public\Environment.h">
      <Filter>Source\Public</Filter>
    </ClInclude>
    <ClInclude Include="..\..\Source\Common\Public\Session.h">
      <Filter>Source\Public</Filter>
    </ClInclude>
    <ClInclude Include="..\..\Source\Common\Public\SessionListener.h">
      <Filter>Source\Public</Filter>
    </ClInclude>
    <ClInclude Include="..\..\Source\Common\Public\User.h">
      <Filter>Source\Public</Filter>
    </ClInclude>
    <ClInclude Include="..\..\Source\Common\Public\Utils\RefCounted.h">
      <Filter>Source\Public\Utils</Filter>
    </ClInclude>
    <ClInclude Include="..\..\Source\Common\Public\Utils\RefPtr.h">
      <Filter>Source\Public\Utils</Filter>
    </ClInclude>
    <ClInclude Include="..\..\Source\Common\stdafx.h">
      <Filter>Source</Filter>
    </ClInclude>
    <ClInclude Include="..\..\Source\Common\Common.h">
      <Filter>Source</Filter>
    </ClInclude>
    <ClInclude Include="..\..\Source\Common\Private\RakNetIncludes.h">
      <Filter>Source\Private</Filter>
    </ClInclude>
    <ClInclude Include="..\..\Source\Common\WrapperAPIs.h">
      <Filter>Source</Filter>
    </ClInclude>
    <ClInclude Include="..\..\Source\Common\Public\Utils\Receipt.h">
      <Filter>Source\Public\Utils</Filter>
    </ClInclude>
    <ClInclude Include="..\..\Source\Common\Private\Utils\RegistrationReceipt.h">
      <Filter>Source\Private\Utils</Filter>
    </ClInclude>
    <ClInclude Include="..\..\Source\Common\Public\Utils\Callback.h">
      <Filter>Source\Public\Utils</Filter>
    </ClInclude>
    <ClInclude Include="..\..\Source\Common\Public\Utils\Logger.h">
      <Filter>Source\Public\Utils</Filter>
    </ClInclude>
    <ClInclude Include="..\..\Source\Common\Public\CommonSettings.h">
      <Filter>Source\Public</Filter>
    </ClInclude>
    <ClInclude Include="..\..\Source\Common\Private\NetworkConnectionImpl.h">
      <Filter>Source\Private\Networking</Filter>
    </ClInclude>
    <ClInclude Include="..\..\Source\Common\Private\NetworkInMessageImpl.h">
      <Filter>Source\Private\Networking</Filter>
    </ClInclude>
    <ClInclude Include="..\..\Source\Common\Private\NetworkOutMessageImpl.h">
      <Filter>Source\Private\Networking</Filter>
    </ClInclude>
    <ClInclude Include="..\..\Source\Common\Private\Utils\CleanupNotifier.h">
      <Filter>Source\Private\Utils</Filter>
    </ClInclude>
    <ClInclude Include="..\..\Source\Common\SideCarAPI.h">
      <Filter>Source</Filter>
    </ClInclude>
    <ClInclude Include="..\..\Source\Common\Public\SideCar.h">
      <Filter>Source\Public\SideCar</Filter>
    </ClInclude>
    <ClInclude Include="..\..\Source\Common\Public\SideCarContext.h">
      <Filter>Source\Public\SideCar</Filter>
    </ClInclude>
    <ClInclude Include="..\..\Source\Common\Private\NetworkMessagePool.h">
      <Filter>Source\Private\Networking</Filter>
    </ClInclude>
    <ClInclude Include="..\..\Source\Common\Private\SyncManagerImpl.h">
      <Filter>Source\Private\Sync</Filter>
    </ClInclude>
    <ClInclude Include="..\..\Source\Common\Public\SyncManager.h">
      <Filter>Source\Public\Sync</Filter>
    </ClInclude>
    <ClInclude Include="..\..\Source\Common\Private\Operation.h">
      <Filter>Source\Private\Sync\Operations</Filter>
    </ClInclude>
    <ClInclude Include="..\..\Source\Common\Private\NoopOperation.h">
      <Filter>Source\Private\Sync\Operations</Filter>
    </ClInclude>
    <ClInclude Include="..\..\Source\Common\Private\CreateOperation.h">
      <Filter>Source\Private\Sync\Operations</Filter>
    </ClInclude>
    <ClInclude Include="..\..\Source\Common\Private\DeleteOperation.h">
      <Filter>Source\Private\Sync\Operations</Filter>
    </ClInclude>
    <ClInclude Include="..\..\Source\Common\Private\TransformManager.h">
      <Filter>Source\Private\Sync\Transforms</Filter>
    </ClInclude>
    <ClInclude Include="..\..\Source\Common\Private\OpTransform.h">
      <Filter>Source\Private\Sync\Transforms</Filter>
    </ClInclude>
    <ClInclude Include="..\..\Source\Common\CommonPrivate.h">
      <Filter>Source</Filter>
    </ClInclude>
    <ClInclude Include="..\..\Source\Common\Private\ModifyOperation.h">
      <Filter>Source\Private\Sync\Operations</Filter>
    </ClInclude>
    <ClInclude Include="..\..\Source\Common\Public\SessionDescriptor.h">
      <Filter>Source\Public</Filter>
    </ClInclude>
    <ClInclude Include="..\..\Source\Common\Private\UserImpl.h">
      <Filter>Source\Private</Filter>
    </ClInclude>
    <ClInclude Include="..\..\Source\Common\Private\FloatElementImpl.h">
      <Filter>Source\Private\Sync\Elements</Filter>
    </ClInclude>
    <ClInclude Include="..\..\Source\Common\Private\IntElementImpl.h">
      <Filter>Source\Private\Sync\Elements</Filter>
    </ClInclude>
    <ClInclude Include="..\..\Source\Common\Private\ObjectElementImpl.h">
      <Filter>Source\Private\Sync\Elements</Filter>
    </ClInclude>
    <ClInclude Include="..\..\Source\Common\Private\StringElementImpl.h">
      <Filter>Source\Private\Sync\Elements</Filter>
    </ClInclude>
    <ClInclude Include="..\..\Source\Common\Public\Element.h">
      <Filter>Source\Public\Sync\Elements</Filter>
    </ClInclude>
    <ClInclude Include="..\..\Source\Common\Public\FloatElement.h">
      <Filter>Source\Public\Sync\Elements</Filter>
    </ClInclude>
    <ClInclude Include="..\..\Source\Common\Public\IntElement.h">
      <Filter>Source\Public\Sync\Elements</Filter>
    </ClInclude>
    <ClInclude Include="..\..\Source\Common\Public\ObjectElement.h">
      <Filter>Source\Public\Sync\Elements</Filter>
    </ClInclude>
    <ClInclude Include="..\..\Source\Common\Public\ObjectElementListener.h">
      <Filter>Source\Public\Sync\Elements</Filter>
    </ClInclude>
    <ClInclude Include="..\..\Source\Common\Public\StringElement.h">
      <Filter>Source\Public\Sync\Elements</Filter>
    </ClInclude>
    <ClInclude Include="..\..\Source\Common\Private\OperationFactory.h">
      <Filter>Source\Private\Sync\Operations</Filter>
    </ClInclude>
    <ClInclude Include="..\..\Source\Common\Public\NetworkConnection.h">
      <Filter>Source\Public\Networking</Filter>
    </ClInclude>
    <ClInclude Include="..\..\Source\Common\Public\NetworkInMessage.h">
      <Filter>Source\Public\Networking</Filter>
    </ClInclude>
    <ClInclude Include="..\..\Source\Common\Public\NetworkOutMessage.h">
      <Filter>Source\Public\Networking</Filter>
    </ClInclude>
    <ClInclude Include="..\..\Source\Common\Private\SessionImpl.h">
      <Filter>Source\Private\Sessions</Filter>
    </ClInclude>
    <ClInclude Include="..\..\Source\Common\Public\Session.h">
      <Filter>Source\Public</Filter>
    </ClInclude>
    <ClInclude Include="..\..\Source\Common\Private\ElementFactory.h">
      <Filter>Source\Private\Sync\Elements</Filter>
    </ClInclude>
    <ClInclude Include="..\..\Source\Common\Private\ModifyModifyTransform.h">
      <Filter>Source\Private\Sync\Transforms</Filter>
    </ClInclude>
    <ClInclude Include="..\..\Source\Common\Private\json\compat\SafeInt3.hpp">
      <Filter>Source\Private\JSON\compat</Filter>
    </ClInclude>
    <ClInclude Include="..\..\Source\Common\Private\json\compat\windows_compat.h">
      <Filter>Source\Private\JSON\compat</Filter>
    </ClInclude>
    <ClInclude Include="..\..\Source\Common\Private\json\cpprest\asyncrt_utils.h">
      <Filter>Source\Private\JSON\cpprest</Filter>
    </ClInclude>
    <ClInclude Include="..\..\Source\Common\Private\json\cpprest\basic_types.h">
      <Filter>Source\Private\JSON\cpprest</Filter>
    </ClInclude>
    <ClInclude Include="..\..\Source\Common\Private\json\cpprest\json.h">
      <Filter>Source\Private\JSON\cpprest</Filter>
    </ClInclude>
    <ClInclude Include="..\..\Source\Common\Private\json\cpprest\xxpublic.h">
      <Filter>Source\Private\JSON\cpprest</Filter>
    </ClInclude>
    <ClInclude Include="..\..\Source\Common\Private\SessionDescriptorImpl.h">
      <Filter>Source\Private\Sessions</Filter>
    </ClInclude>
    <ClInclude Include="..\..\Source\Common\Private\JSONMessage.h">
      <Filter>Source\Private\JSON</Filter>
    </ClInclude>
    <ClInclude Include="..\..\Source\Common\Private\TunnelConnection.h">
      <Filter>Source\Private\Networking</Filter>
    </ClInclude>
    <ClInclude Include="..\..\Source\Common\Public\Utils\MemberFuncThread.h">
      <Filter>Source\Public\Utils</Filter>
    </ClInclude>
    <ClInclude Include="..\..\Source\Common\Private\TunnelBridge.h">
      <Filter>Source\Private\Networking</Filter>
    </ClInclude>
    <ClInclude Include="..\..\Source\Common\Private\SessionMessageRouter.h">
      <Filter>Source\Private\Sessions</Filter>
    </ClInclude>
    <ClInclude Include="..\..\Source\Common\Public\Utils\Callback2.h">
      <Filter>Source\Public\Utils</Filter>
    </ClInclude>
    <ClInclude Include="..\..\Source\Common\Private\JoinSessionReply.h">
      <Filter>Source\Private\Sessions\Messages</Filter>
    </ClInclude>
    <ClInclude Include="..\..\Source\Common\Private\JoinSessionRequest.h">
      <Filter>Source\Private\Sessions\Messages</Filter>
    </ClInclude>
    <ClInclude Include="..\..\Source\Common\Private\NewSessionReply.h">
      <Filter>Source\Private\Sessions\Messages</Filter>
    </ClInclude>
    <ClInclude Include="..\..\Source\Common\Private\NewSessionRequest.h">
      <Filter>Source\Private\Sessions\Messages</Filter>
    </ClInclude>
    <ClInclude Include="..\..\Source\Common\Private\UserJoinedSessionMsg.h">
      <Filter>Source\Private\Sessions\Messages</Filter>
    </ClInclude>
    <ClInclude Include="..\..\Source\Common\Private\UserLeftSessionMsg.h">
      <Filter>Source\Private\Sessions\Messages</Filter>
    </ClInclude>
    <ClInclude Include="..\..\Source\Common\Private\SessionManagerImpl.h">
      <Filter>Source\Private\Sessions</Filter>
    </ClInclude>
    <ClInclude Include="..\..\Source\Common\Public\SessionManager.h">
      <Filter>Source\Public</Filter>
    </ClInclude>
    <ClInclude Include="..\..\Source\Common\Public\SessionManagerListener.h">
      <Filter>Source\Public</Filter>
    </ClInclude>
    <ClInclude Include="..\..\Source\Common\Private\ListSessionsRequest.h">
      <Filter>Source\Private\Sessions\Messages</Filter>
    </ClInclude>
    <ClInclude Include="..\..\Source\Common\Private\ListSessionsReply.h">
      <Filter>Source\Private\Sessions\Messages</Filter>
    </ClInclude>
    <ClInclude Include="..\..\Source\Common\Public\Listener.h">
      <Filter>Source\Public</Filter>
    </ClInclude>
    <ClInclude Include="..\..\Source\Common\Private\SessionAddedMsg.h">
      <Filter>Source\Private\Sessions\Messages</Filter>
    </ClInclude>
    <ClInclude Include="..\..\Source\Common\Private\SessionClosedMsg.h">
      <Filter>Source\Private\Sessions\Messages</Filter>
    </ClInclude>
    <ClInclude Include="..\..\Source\Common\Public\Utils\Hash.h">
      <Filter>Source\Public\Utils</Filter>
    </ClInclude>
    <ClInclude Include="..\..\Source\Common\Private\CreateCreateTransform.h">
      <Filter>Source\Private\Sync\Transforms</Filter>
    </ClInclude>
    <ClInclude Include="..\..\Source\Common\Private\CreateModifyTransform.h">
      <Filter>Source\Private\Sync\Transforms</Filter>
    </ClInclude>
    <ClInclude Include="..\..\Source\Common\Public\Utils\MemoryManager.h">
      <Filter>Source\Public\Utils</Filter>
    </ClInclude>
    <ClInclude Include="..\..\Source\Common\Public\Utils\Mutex.h">
      <Filter>Source\Public\Utils</Filter>
    </ClInclude>
    <ClInclude Include="..\..\Source\Common\Public\FloatElement.h">
      <Filter>Source\Public\Sync\Elements</Filter>
    </ClInclude>
    <ClInclude Include="..\..\Source\Common\Public\IntElement.h">
      <Filter>Source\Public\Sync\Elements</Filter>
    </ClInclude>
    <ClInclude Include="..\..\Source\Common\Public\ObjectElement.h">
      <Filter>Source\Public\Sync\Elements</Filter>
    </ClInclude>
    <ClInclude Include="..\..\Source\Common\Public\ObjectElementListener.h">
      <Filter>Source\Public\Sync\Elements</Filter>
    </ClInclude>
    <ClInclude Include="..\..\Source\Common\Public\XValue.h">
      <Filter>Source\Public\Sync</Filter>
    </ClInclude>
    <ClInclude Include="..\..\Source\Common\Public\XGuid.h">
      <Filter>Source\Public\Sync</Filter>
    </ClInclude>
    <ClInclude Include="..\..\Source\Common\Public\XString.h">
      <Filter>Source\Public\Sync</Filter>
    </ClInclude>
    <ClInclude Include="..\..\Source\Common\Public\NetworkHandshake.h">
      <Filter>Source\Public\Networking</Filter>
    </ClInclude>
    <ClInclude Include="..\..\Source\Common\Public\HandshakeLogic.h">
      <Filter>Source\Public\Networking</Filter>
    </ClInclude>
    <ClInclude Include="..\..\Source\Common\Public\PairingHandshakeLogic.h">
      <Filter>Source\Public\Networking\HandshakeLogic</Filter>
    </ClInclude>
    <ClInclude Include="..\..\Source\Common\Public\XSocket.h">
      <Filter>Source\Public\Networking</Filter>
    </ClInclude>
    <ClInclude Include="..\..\Source\Common\Public\XSocketListener.h">
      <Filter>Source\Public\Networking</Filter>
    </ClInclude>
    <ClInclude Include="..\..\Source\Common\Public\XSocketManager.h">
      <Filter>Source\Public\Networking</Filter>
    </ClInclude>
    <ClInclude Include="..\..\Source\Common\Private\XSocketImpl.h">
      <Filter>Source\Private\Networking</Filter>
    </ClInclude>
    <ClInclude Include="..\..\Source\Common\Private\XSocketManagerImpl.h">
      <Filter>Source\Private\Networking</Filter>
    </ClInclude>
    <ClInclude Include="..\..\Source\Common\Public\IncomingXSocketListener.h">
      <Filter>Source\Public\Networking</Filter>
    </ClInclude>
    <ClInclude Include="..\..\Source\Common\Private\CreateDeleteTransform.h">
      <Filter>Source\Private\Sync\Transforms</Filter>
    </ClInclude>
    <ClInclude Include="..\..\Source\Common\Private\DeleteCreateTransform.h">
      <Filter>Source\Private\Sync\Transforms</Filter>
    </ClInclude>
    <ClInclude Include="..\..\Source\Common\Private\DeleteDeleteTransform.h">
      <Filter>Source\Private\Sync\Transforms</Filter>
    </ClInclude>
    <ClInclude Include="..\..\Source\Common\Private\DeleteModifyTransform.h">
      <Filter>Source\Private\Sync\Transforms</Filter>
    </ClInclude>
    <ClInclude Include="..\..\Source\Common\Private\ModifyDeleteTransform.h">
      <Filter>Source\Private\Sync\Transforms</Filter>
    </ClInclude>
    <ClInclude Include="..\..\Source\Common\Public\SessionListHandshakeLogic.h">
      <Filter>Source\Public\Networking\HandshakeLogic</Filter>
    </ClInclude>
    <ClInclude Include="..\..\Source\Common\Public\SessionHandshakeLogic.h">
      <Filter>Source\Public\Networking\HandshakeLogic</Filter>
    </ClInclude>
    <ClInclude Include="..\..\Source\Common\Public\AuthorityLevel.h">
      <Filter>Source\Public\Sync</Filter>
    </ClInclude>
    <ClInclude Include="..\..\Source\Common\Private\NetworkCommonPrivate.h">
      <Filter>Source\Private\Networking</Filter>
    </ClInclude>
    <ClInclude Include="..\..\Source\Common\Public\Utils\ScopedPtr.h">
      <Filter>Source\Public\Utils</Filter>
    </ClInclude>
    <ClInclude Include="..\..\Source\Common\Public\Utils\ScopedArray.h">
      <Filter>Source\Public\Utils</Filter>
    </ClInclude>
    <ClInclude Include="..\..\Source\Common\Private\BufferQueue.h">
      <Filter>Source\Private\Networking</Filter>
    </ClInclude>
    <ClInclude Include="..\..\Source\Common\Private\Buffer.h">
      <Filter>Source\Private\Networking</Filter>
    </ClInclude>
    <ClInclude Include="..\..\Source\Common\Private\Message.h">
      <Filter>Source\Private\Networking</Filter>
    </ClInclude>
    <ClInclude Include="..\..\Source\Common\Public\Utils\AtomicRefCounted.h">
      <Filter>Source\Public\Utils</Filter>
    </ClInclude>
    <ClInclude Include="..\..\Source\Common\Public\Utils\RefPtrTS.h">
      <Filter>Source\Public\Utils</Filter>
    </ClInclude>
    <ClInclude Include="..\..\Source\Common\Private\UserChangedSessionMsg.h">
      <Filter>Source\Private\Sessions\Messages</Filter>
    </ClInclude>
    <ClInclude Include="..\..\Source\Common\Public\UserPresenceManager.h">
      <Filter>Source\Public</Filter>
    </ClInclude>
    <ClInclude Include="..\..\Source\Common\Public\UserPresenceManagerListener.h">
      <Filter>Source\Public</Filter>
    </ClInclude>
    <ClInclude Include="..\..\Source\Common\Private\UserPresenceManagerFollowerImpl.h">
      <Filter>Source\Private</Filter>
    </ClInclude>
    <ClInclude Include="..\..\Source\Common\Private\UserPresenceManagerLeaderImpl.h">
      <Filter>Source\Private</Filter>
    </ClInclude>
    <ClInclude Include="..\..\Source\Common\Private\AckOperation.h">
      <Filter>Source\Private\Sync\Operations</Filter>
    </ClInclude>
    <ClInclude Include="..\..\Source\Common\Public\Utils\LogWriter.h">
      <Filter>Source\Public\Utils</Filter>
    </ClInclude>
    <ClInclude Include="..\..\Source\Common\Public\Utils\Callback3.h">
      <Filter>Source\Public\Utils</Filter>
    </ClInclude>
    <ClInclude Include="..\..\Source\Common\Public\Utils\ClassThreadRunner.h">
      <Filter>Source\Public\Utils</Filter>
    </ClInclude>
    <ClInclude Include="..\..\Source\Common\Private\Peer.h">
      <Filter>Source\Private\Networking</Filter>
    </ClInclude>
    <ClInclude Include="..\..\Source\Common\Public\Utils\RefPtrProxy.h">
      <Filter>Source\Public\Utils</Filter>
    </ClInclude>
    <ClInclude Include="..\..\Source\Common\Private\Utils\LFQueue.h">
      <Filter>Source\Private\Utils</Filter>
    </ClInclude>
    <ClInclude Include="..\..\Source\Common\Private\Utils\FileLogWriter.h">
      <Filter>Source\Private\Utils</Filter>
    </ClInclude>
    <ClInclude Include="..\..\Source\Common\Public\SyncListener.h">
      <Filter>Source\Public\Sync</Filter>
    </ClInclude>
    <ClInclude Include="..\..\Source\Common\Public\Utils\PlatformUtils.h">
      <Filter>Source\Public\Utils</Filter>
    </ClInclude>
    <ClInclude Include="..\..\Source\Common\Public\Reflection.h">
      <Filter>Source\Public</Filter>
    </ClInclude>
    <ClInclude Include="..\..\Source\Common\Private\AudioConnection.h">
      <Filter>Source\Private\Audio</Filter>
    </ClInclude>
    <ClInclude Include="..\..\Source\Common\Private\AudioPacket.h">
      <Filter>Source\Private\Audio</Filter>
    </ClInclude>
    <ClInclude Include="..\..\Source\Common\Private\AudioPacketPool.h">
      <Filter>Source\Private\Audio</Filter>
    </ClInclude>
    <ClInclude Include="..\..\Source\Common\Private\AudioProcessor.h">
      <Filter>Source\Private\Audio</Filter>
    </ClInclude>
    <ClInclude Include="..\..\Source\Common\Private\AudioWavFile.h">
      <Filter>Source\Private\Audio</Filter>
    </ClInclude>
    <ClInclude Include="..\..\Source\Common\Private\ResampleProcessor.h">
      <Filter>Source\Private\Audio</Filter>
    </ClInclude>
    <ClInclude Include="..\..\Source\Common\Public\NetworkConnection.h">
      <Filter>Source\Public\Networking</Filter>
    </ClInclude>
    <ClInclude Include="..\..\Source\Common\Public\ClientConfig.h">
      <Filter>Source\Public</Filter>
    </ClInclude>
    <ClInclude Include="..\..\Source\Common\Public\ClientContext.h">
      <Filter>Source\Public</Filter>
    </ClInclude>
    <ClInclude Include="..\..\Source\Common\Private\AudioConnectionClient.h">
      <Filter>Source\Private\Audio</Filter>
    </ClInclude>
    <ClInclude Include="..\..\Source\Common\Public\AudioSessionProcessor.h">
      <Filter>Source\Public\Audio</Filter>
    </ClInclude>
    <ClInclude Include="..\..\Source\Common\Public\Utils\XThread.h">
      <Filter>Source\Public\Utils</Filter>
    </ClInclude>
    <ClInclude Include="..\..\Source\Common\Public\Platform.h">
      <Filter>Source\Public</Filter>
    </ClInclude>
    <ClInclude Include="..\..\Source\Common\Public\Utils\XThreadId.h">
      <Filter>Source\Public\Utils</Filter>
    </ClInclude>
    <ClInclude Include="..\..\Source\Common\Public\AudioManager.h">
      <Filter>Source\Public\Audio</Filter>
    </ClInclude>
    <ClInclude Include="..\..\Source\Common\Private\AudioManagerImpl.h">
      <Filter>Source\Private\Audio</Filter>
    </ClInclude>
    <ClInclude Include="..\..\Source\Common\Private\AudioSessionProcessorClient.h">
      <Filter>Source\Private\Audio</Filter>
    </ClInclude>
    <ClInclude Include="..\..\Source\Common\Private\Utils\TypedLFQueue.h">
      <Filter>Source\Private\Utils</Filter>
    </ClInclude>
    <ClInclude Include="..\..\Source\Common\Private\SpeexProcessor.h">
      <Filter>Source\Private\Audio</Filter>
    </ClInclude>
    <ClInclude Include="..\..\Source\Common\Public\XToolsMessageTypes.h">
      <Filter>Source\Public</Filter>
    </ClInclude>
    <ClInclude Include="..\..\Source\Common\Public\XToolsTypes.h">
      <Filter>Source\Public</Filter>
    </ClInclude>
    <ClInclude Include="..\..\Source\Common\Public\XToolsVersion.h">
      <Filter>Source\Public</Filter>
    </ClInclude>
    <ClInclude Include="..\..\Source\Common\Public\Utils\NotifyList.h">
      <Filter>Source\Public\Utils</Filter>
    </ClInclude>
    <ClInclude Include="..\..\Source\Common\Public\Utils\IUpdateable.h">
      <Filter>Source\Public\Utils</Filter>
    </ClInclude>
    <ClInclude Include="..\..\Source\Common\Public\Utils\GetPointer.h">
      <Filter>Source\Public\Utils</Filter>
    </ClInclude>
    <ClInclude Include="..\..\Source\Common\Public\Utils\Event.h">
      <Filter>Source\Public\Utils</Filter>
    </ClInclude>
    <ClInclude Include="..\..\Source\Common\Public\Utils\StringUtils.h">
      <Filter>Source\Public\Utils</Filter>
    </ClInclude>
    <ClInclude Include="..\..\Source\Common\Public\NetworkConnectionListener.h">
      <Filter>Source\Public\Networking</Filter>
    </ClInclude>
    <ClInclude Include="..\..\Source\Common\Public\Utils\SwigHelperMacros.h">
      <Filter>Source\Public\Utils</Filter>
    </ClInclude>
    <ClInclude Include="..\..\Source\Common\Public\DiscoveryClient.h">
      <Filter>Source\Public\Networking\Discovery</Filter>
    </ClInclude>
    <ClInclude Include="..\..\Source\Common\Public\DiscoveredSystem.h">
      <Filter>Source\Public\Networking\Discovery</Filter>
    </ClInclude>
    <ClInclude Include="..\..\Source\Common\Private\DiscoveryClientImpl.h">
      <Filter>Source\Private\Networking\Discovery</Filter>
    </ClInclude>
    <ClInclude Include="..\..\Source\Common\Private\PacketWrapper.h">
      <Filter>Source\Private\Networking</Filter>
    </ClInclude>
    <ClInclude Include="..\..\Source\Common\Private\SystemDescription.h">
      <Filter>Source\Private\Networking\Discovery</Filter>
    </ClInclude>
    <ClInclude Include="..\..\Source\Common\Public\ProfileManager.h">
      <Filter>Source\Public\Profiling</Filter>
    </ClInclude>
    <ClInclude Include="..\..\Source\Common\Private\ProfileManagerImpl.h">
      <Filter>Source\Private\Profiling</Filter>
    </ClInclude>
    <ClInclude Include="..\..\Source\Common\Private\ProfileEntry.h">
      <Filter>Source\Private\Profiling</Filter>
    </ClInclude>
    <ClInclude Include="..\..\Source\Common\Public\SystemRole.h">
      <Filter>Source\Public</Filter>
    </ClInclude>
    <ClInclude Include="..\..\Source\Common\Public\DiscoveryClientListener.h">
      <Filter>Source\Public\Networking\Discovery</Filter>
    </ClInclude>
    <ClInclude Include="..\..\Source\Common\Public\Profile.h">
      <Filter>Source\Public\Profiling</Filter>
    </ClInclude>
    <ClInclude Include="..\..\Source\Common\Public\ScopedProfile.h">
      <Filter>Source\Public\Profiling</Filter>
    </ClInclude>
    <ClInclude Include="..\..\Source\Common\Public\IPAddress.h">
      <Filter>Source\Public\Networking</Filter>
    </ClInclude>
    <ClInclude Include="..\..\Source\Common\Public\Utils\Log.h">
      <Filter>Source\Public\Utils</Filter>
    </ClInclude>
    <ClInclude Include="..\..\Source\Common\Public\Utils\LogManager.h">
      <Filter>Source\Public\Utils</Filter>
    </ClInclude>
    <ClInclude Include="..\..\Source\Common\Public\SideCarMacros.h">
      <Filter>Source\Public\SideCar</Filter>
    </ClInclude>
    <ClInclude Include="..\..\Source\Common\Public\SideCarFunctions.h">
      <Filter>Source\Public\SideCar</Filter>
    </ClInclude>
    <ClInclude Include="..\..\Source\Common\Public\Utils\ListenerList.h">
      <Filter>Source\Public\Utils</Filter>
    </ClInclude>
    <ClInclude Include="..\..\Source\Common\Public\RoomManager.h">
      <Filter>Source\Public\Rooms</Filter>
    </ClInclude>
    <ClInclude Include="..\..\Source\Common\Public\RoomManagerListener.h">
      <Filter>Source\Public\Rooms</Filter>
    </ClInclude>
    <ClInclude Include="..\..\Source\Common\Public\Room.h">
      <Filter>Source\Public\Rooms</Filter>
    </ClInclude>
    <ClInclude Include="..\..\Source\Common\Public\AnchorDownloadRequest.h">
      <Filter>Source\Public\Rooms</Filter>
    </ClInclude>
    <ClInclude Include="..\..\Source\Common\Private\AnchorDownloadRequestImpl.h">
      <Filter>Source\Private\Rooms</Filter>
    </ClInclude>
    <ClInclude Include="..\..\Source\Common\Private\RoomImpl.h">
      <Filter>Source\Private\Rooms</Filter>
    </ClInclude>
    <ClInclude Include="..\..\Source\Common\Private\RoomManagerImpl.h">
      <Filter>Source\Private\Rooms</Filter>
    </ClInclude>
    <ClInclude Include="..\..\Source\Common\Private\Syncable.h">
      <Filter>Source\Private\Sync\Utils</Filter>
    </ClInclude>
    <ClInclude Include="..\..\Source\Common\Private\SyncEnum.h">
      <Filter>Source\Private\Sync\Utils</Filter>
    </ClInclude>
    <ClInclude Include="..\..\Source\Common\Private\SyncObject.h">
      <Filter>Source\Private\Sync\Utils</Filter>
    </ClInclude>
    <ClInclude Include="..\..\Source\Common\Private\SyncPrimitives.h">
      <Filter>Source\Private\Sync\Utils</Filter>
    </ClInclude>
    <ClInclude Include="..\..\Source\Common\Public\LongElement.h">
      <Filter>Source\Public\Sync\Elements</Filter>
    </ClInclude>
    <ClInclude Include="..\..\Source\Common\Public\DoubleElement.h">
      <Filter>Source\Public\Sync\Elements</Filter>
    </ClInclude>
    <ClInclude Include="..\..\Source\Common\Private\LongElementImpl.h">
      <Filter>Source\Private\Sync\Elements</Filter>
    </ClInclude>
    <ClInclude Include="..\..\Source\Common\Private\DoubleElementImpl.h">
      <Filter>Source\Private\Sync\Elements</Filter>
    </ClInclude>
    <ClInclude Include="..\..\Source\Common\Public\IntArrayElement.h">
      <Filter>Source\Public\Sync\Elements</Filter>
    </ClInclude>
    <ClInclude Include="..\..\Source\Common\Public\IntArrayListener.h">
      <Filter>Source\Public\Sync\Elements</Filter>
    </ClInclude>
    <ClInclude Include="..\..\Source\Common\Private\IntArrayElementImpl.h">
      <Filter>Source\Private\Sync\Elements</Filter>
    </ClInclude>
    <ClInclude Include="..\..\Source\Common\Private\UpdateOperation.h">
      <Filter>Source\Private\Sync\Operations</Filter>
    </ClInclude>
    <ClInclude Include="..\..\Source\Common\Private\InsertOperation.h">
      <Filter>Source\Private\Sync\Operations</Filter>
    </ClInclude>
    <ClInclude Include="..\..\Source\Common\Private\RemoveOperation.h">
      <Filter>Source\Private\Sync\Operations</Filter>
    </ClInclude>
    <ClInclude Include="..\..\Source\Common\Private\ArrayTransforms.h">
      <Filter>Source\Private\Sync\Transforms</Filter>
    </ClInclude>
    <ClInclude Include="..\..\Source\Common\Private\InverseTransform.h">
      <Filter>Source\Private\Sync\Transforms</Filter>
    </ClInclude>
    <ClInclude Include="..\..\Source\Common\Private\SyncArray.h">
      <Filter>Source\Private\Sync\Utils</Filter>
    </ClInclude>
    <ClInclude Include="..\..\Source\Common\Private\IntArrayAdapter.h">
      <Filter>Source\Private\Sync\Utils</Filter>
    </ClInclude>
    <ClInclude Include="..\..\Source\Common\Private\RoomMessageID.h">
      <Filter>Source\Private\Rooms</Filter>
    </ClInclude>
    <ClInclude Include="..\..\Source\Common\Private\AnchorList.h">
      <Filter>Source\Private\Rooms</Filter>
    </ClInclude>
    <ClInclude Include="..\..\Source\Common\Private\NetworkThreadCommands.h">
      <Filter>Source\Private\Networking</Filter>
    </ClInclude>
    <ClInclude Include="..\..\Source\Common\Public\Utils\RefPtrProxyTS.h">
      <Filter>Source\Public\Utils</Filter>
    </ClInclude>
    <ClInclude Include="..\..\Source\Common\Public\BoolElement.h">
      <Filter>Source\Public\Sync\Elements</Filter>
    </ClInclude>
    <ClInclude Include="..\..\Source\Common\Private\BoolElementImpl.h">
      <Filter>Source\Private\Sync\Elements</Filter>
    </ClInclude>
    <ClInclude Include="..\..\Source\Common\Public\FloatArrayElement.h">
      <Filter>Source\Public\Sync\Elements</Filter>
    </ClInclude>
    <ClInclude Include="..\..\Source\Common\Public\FloatArrayListener.h">
      <Filter>Source\Public\Sync\Elements</Filter>
    </ClInclude>
    <ClInclude Include="..\..\Source\Common\Public\StringArrayElement.h">
      <Filter>Source\Public\Sync\Elements</Filter>
    </ClInclude>
    <ClInclude Include="..\..\Source\Common\Public\StringArrayListener.h">
      <Filter>Source\Public\Sync\Elements</Filter>
    </ClInclude>
    <ClInclude Include="..\..\Source\Common\Private\FloatArrayElementImpl.h">
      <Filter>Source\Private\Sync\Elements</Filter>
    </ClInclude>
    <ClInclude Include="..\..\Source\Common\Private\StringArrayElementImpl.h">
      <Filter>Source\Private\Sync\Elements</Filter>
    </ClInclude>
    <ClInclude Include="..\..\Source\Common\Private\ArrayElement.h">
      <Filter>Source\Private\Sync\Elements</Filter>
    </ClInclude>
    <ClInclude Include="..\..\Source\Common\Private\ReplaceOperation.h">
      <Filter>Source\Private\Sync\Operations</Filter>
    </ClInclude>
    <ClInclude Include="..\..\Source\Common\Private\ReplaceTransforms.h">
      <Filter>Source\Private\Sync\Transforms</Filter>
    </ClInclude>
  </ItemGroup>
  <ItemGroup>
    <RakNetSymbols Include="..\..\External\RakNet-4.081\lib\*.pdb">
      <Filter>Symbols</Filter>
    </RakNetSymbols>
  </ItemGroup>
</Project>