
Microsoft Visual Studio Solution File, Format Version 12.00
# Visual Studio Version 17
VisualStudioVersion = 17.3.32929.385
MinimumVisualStudioVersion = 10.0.40219.1
Project("{8BC9CEB8-8B4A-11D0-8D11-00A0C91BC942}") = "WinRTTextToSpeech", "WinRTTextToSpeech\WinRTTextToSpeech.vcxproj", "{5CC3EDB7-5FFE-428A-8D25-73E88476433F}"
EndProject
Global
	GlobalSection(SolutionConfigurationPlatforms) = preSolution
		Debug|x64 = Debug|x64
		Release|x64 = Release|x64
	EndGlobalSection
	GlobalSection(ProjectConfigurationPlatforms) = postSolution
		{5CC3EDB7-5FFE-428A-8D25-73E88476433F}.Debug|x64.ActiveCfg = Debug|x64
		{5CC3EDB7-5FFE-428A-8D25-73E88476433F}.Debug|x64.Build.0 = Debug|x64
		{5CC3EDB7-5FFE-428A-8D25-73E88476433F}.Release|x64.ActiveCfg = Release|x64
		{5CC3EDB7-5FFE-428A-8D25-73E88476433F}.Release|x64.Build.0 = Release|x64
	EndGlobalSection
	GlobalSection(SolutionProperties) = preSolution
		HideSolutionNode = FALSE
	EndGlobalSection
	GlobalSection(ExtensibilityGlobals) = postSolution
		SolutionGuid = {AFEBAFF0-9C0D-4697-AA73-F15EBDB70B5D}
	EndGlobalSection
EndGlobal
